
Microsoft Visual Studio Solution File, Format Version 12.00
# Visual Studio 15
VisualStudioVersion = 15.0.28307.572
MinimumVisualStudioVersion = 10.0.40219.1
Project("{FAE04EC0-301F-11D3-BF4B-00C04F79EFBC}") = "Blockchain.POC.UI", "Blockchain.POC.UI\Blockchain.POC.UI.csproj", "{21B1D30F-C9B2-412C-B1B8-815489170CF7}"
EndProject
Project("{FAE04EC0-301F-11D3-BF4B-00C04F79EFBC}") = "Blockchain.POC.Common", "Blockchain.POC.Common\Blockchain.POC.Common.csproj", "{97E1D90C-5CF4-4E90-82B7-B2779B3AFD0B}"
EndProject
Project("{FAE04EC0-301F-11D3-BF4B-00C04F79EFBC}") = "Blockchain.POC.Entities", "Blockchain.POC.Entities\Blockchain.POC.Entities.csproj", "{4DF9FE04-CD26-4186-BC7B-1FDE15C289B1}"
EndProject
Project("{FAE04EC0-301F-11D3-BF4B-00C04F79EFBC}") = "Blockchain.POC.Manager", "Blockchain.POC.Manager\Blockchain.POC.Manager.csproj", "{D844BCB2-0FCB-4BE9-9D03-E53049A647D5}"
EndProject
Project("{FAE04EC0-301F-11D3-BF4B-00C04F79EFBC}") = "Blockchain.POC.P2PServer", "Blockchain.POC.P2PServer\Blockchain.POC.P2PServer.csproj", "{E4191571-5E46-4D23-BEA2-08953EFA74D1}"
EndProject
Project("{FAE04EC0-301F-11D3-BF4B-00C04F79EFBC}") = "Blockchain.POC.P2PClient", "Blockchain.POC.P2PClient\Blockchain.POC.P2PClient.csproj", "{7097AF5A-B258-4CEE-BCDB-AE3CAF988D15}"
EndProject
Project("{2150E333-8FDC-42A3-9474-1A3956D46DE8}") = "P2P", "P2P", "{5420A999-C6EA-4508-84EB-C358BAF18088}"
EndProject
Project("{2150E333-8FDC-42A3-9474-1A3956D46DE8}") = "Clients", "Clients", "{5FC17B9A-1227-4ACE-AA48-D18DC7C13DA0}"
EndProject
Project("{FAE04EC0-301F-11D3-BF4B-00C04F79EFBC}") = "Blockchain.POC.Test", "testCommon\Blockchain.POC.Test.csproj", "{1FF17047-F5F0-4C27-B522-32F50800AB3E}"
EndProject
Project("{FAE04EC0-301F-11D3-BF4B-00C04F79EFBC}") = "Blockchain.POC.ConfigurationConsole", "Blockchain.POC.ConfigurationConsole\Blockchain.POC.ConfigurationConsole.csproj", "{309F60C8-4B2D-46EA-8C0B-33646393B107}"
EndProject
Global
	GlobalSection(SolutionConfigurationPlatforms) = preSolution
		Debug|Any CPU = Debug|Any CPU
		Release|Any CPU = Release|Any CPU
	EndGlobalSection
	GlobalSection(ProjectConfigurationPlatforms) = postSolution
		{21B1D30F-C9B2-412C-B1B8-815489170CF7}.Debug|Any CPU.ActiveCfg = Debug|Any CPU
		{21B1D30F-C9B2-412C-B1B8-815489170CF7}.Debug|Any CPU.Build.0 = Debug|Any CPU
		{21B1D30F-C9B2-412C-B1B8-815489170CF7}.Release|Any CPU.ActiveCfg = Release|Any CPU
		{21B1D30F-C9B2-412C-B1B8-815489170CF7}.Release|Any CPU.Build.0 = Release|Any CPU
		{97E1D90C-5CF4-4E90-82B7-B2779B3AFD0B}.Debug|Any CPU.ActiveCfg = Debug|Any CPU
		{97E1D90C-5CF4-4E90-82B7-B2779B3AFD0B}.Debug|Any CPU.Build.0 = Debug|Any CPU
		{97E1D90C-5CF4-4E90-82B7-B2779B3AFD0B}.Release|Any CPU.ActiveCfg = Release|Any CPU
		{97E1D90C-5CF4-4E90-82B7-B2779B3AFD0B}.Release|Any CPU.Build.0 = Release|Any CPU
		{4DF9FE04-CD26-4186-BC7B-1FDE15C289B1}.Debug|Any CPU.ActiveCfg = Debug|Any CPU
		{4DF9FE04-CD26-4186-BC7B-1FDE15C289B1}.Debug|Any CPU.Build.0 = Debug|Any CPU
		{4DF9FE04-CD26-4186-BC7B-1FDE15C289B1}.Release|Any CPU.ActiveCfg = Release|Any CPU
		{4DF9FE04-CD26-4186-BC7B-1FDE15C289B1}.Release|Any CPU.Build.0 = Release|Any CPU
		{D844BCB2-0FCB-4BE9-9D03-E53049A647D5}.Debug|Any CPU.ActiveCfg = Debug|Any CPU
		{D844BCB2-0FCB-4BE9-9D03-E53049A647D5}.Debug|Any CPU.Build.0 = Debug|Any CPU
		{D844BCB2-0FCB-4BE9-9D03-E53049A647D5}.Release|Any CPU.ActiveCfg = Release|Any CPU
		{D844BCB2-0FCB-4BE9-9D03-E53049A647D5}.Release|Any CPU.Build.0 = Release|Any CPU
		{E4191571-5E46-4D23-BEA2-08953EFA74D1}.Debug|Any CPU.ActiveCfg = Debug|Any CPU
		{E4191571-5E46-4D23-BEA2-08953EFA74D1}.Debug|Any CPU.Build.0 = Debug|Any CPU
		{E4191571-5E46-4D23-BEA2-08953EFA74D1}.Release|Any CPU.ActiveCfg = Release|Any CPU
		{E4191571-5E46-4D23-BEA2-08953EFA74D1}.Release|Any CPU.Build.0 = Release|Any CPU
		{7097AF5A-B258-4CEE-BCDB-AE3CAF988D15}.Debug|Any CPU.ActiveCfg = Debug|Any CPU
		{7097AF5A-B258-4CEE-BCDB-AE3CAF988D15}.Debug|Any CPU.Build.0 = Debug|Any CPU
		{7097AF5A-B258-4CEE-BCDB-AE3CAF988D15}.Release|Any CPU.ActiveCfg = Release|Any CPU
		{7097AF5A-B258-4CEE-BCDB-AE3CAF988D15}.Release|Any CPU.Build.0 = Release|Any CPU
		{1FF17047-F5F0-4C27-B522-32F50800AB3E}.Debug|Any CPU.ActiveCfg = Debug|Any CPU
		{1FF17047-F5F0-4C27-B522-32F50800AB3E}.Debug|Any CPU.Build.0 = Debug|Any CPU
		{1FF17047-F5F0-4C27-B522-32F50800AB3E}.Release|Any CPU.ActiveCfg = Release|Any CPU
		{1FF17047-F5F0-4C27-B522-32F50800AB3E}.Release|Any CPU.Build.0 = Release|Any CPU
		{309F60C8-4B2D-46EA-8C0B-33646393B107}.Debug|Any CPU.ActiveCfg = Debug|Any CPU
		{309F60C8-4B2D-46EA-8C0B-33646393B107}.Debug|Any CPU.Build.0 = Debug|Any CPU
		{309F60C8-4B2D-46EA-8C0B-33646393B107}.Release|Any CPU.ActiveCfg = Release|Any CPU
		{309F60C8-4B2D-46EA-8C0B-33646393B107}.Release|Any CPU.Build.0 = Release|Any CPU
	EndGlobalSection
	GlobalSection(SolutionProperties) = preSolution
		HideSolutionNode = FALSE
	EndGlobalSection
	GlobalSection(NestedProjects) = preSolution
		{21B1D30F-C9B2-412C-B1B8-815489170CF7} = {5FC17B9A-1227-4ACE-AA48-D18DC7C13DA0}
		{E4191571-5E46-4D23-BEA2-08953EFA74D1} = {5420A999-C6EA-4508-84EB-C358BAF18088}
		{7097AF5A-B258-4CEE-BCDB-AE3CAF988D15} = {5420A999-C6EA-4508-84EB-C358BAF18088}
		{309F60C8-4B2D-46EA-8C0B-33646393B107} = {5FC17B9A-1227-4ACE-AA48-D18DC7C13DA0}
	EndGlobalSection
	GlobalSection(ExtensibilityGlobals) = postSolution
		SolutionGuid = {672FD87D-8429-4B00-9255-8A79192DC613}
	EndGlobalSection
EndGlobal
